
Microsoft Visual Studio Solution File, Format Version 12.00
# Visual Studio Version 17
VisualStudioVersion = 17.2.32616.157
MinimumVisualStudioVersion = 10.0.40219.1
Project("{FAE04EC0-301F-11D3-BF4B-00C04F79EFBC}") = "LABA_2", "LABA_2\LABA_2.csproj", "{8D559630-9283-4953-A153-D93DB135BE6C}"
EndProject
Global
	GlobalSection(SolutionConfigurationPlatforms) = preSolution
		Debug|Any CPU = Debug|Any CPU
		Release|Any CPU = Release|Any CPU
	EndGlobalSection
	GlobalSection(ProjectConfigurationPlatforms) = postSolution
		{8D559630-9283-4953-A153-D93DB135BE6C}.Debug|Any CPU.ActiveCfg = Debug|Any CPU
		{8D559630-9283-4953-A153-D93DB135BE6C}.Debug|Any CPU.Build.0 = Debug|Any CPU
		{8D559630-9283-4953-A153-D93DB135BE6C}.Release|Any CPU.ActiveCfg = Release|Any CPU
		{8D559630-9283-4953-A153-D93DB135BE6C}.Release|Any CPU.Build.0 = Release|Any CPU
	EndGlobalSection
	GlobalSection(SolutionProperties) = preSolution
		HideSolutionNode = FALSE
	EndGlobalSection
	GlobalSection(ExtensibilityGlobals) = postSolution
		SolutionGuid = {185B43FD-A2FF-44FD-8094-717B53952924}
	EndGlobalSection
EndGlobal
